
Microsoft Visual Studio Solution File, Format Version 12.00
# Visual Studio Version 17
VisualStudioVersion = 17.4.33403.182
MinimumVisualStudioVersion = 10.0.40219.1
Project("{FAE04EC0-301F-11D3-BF4B-00C04F79EFBC}") = "RentACar.PresentationLayer", "RentACar.PresentationLayer\RentACar.PresentationLayer.csproj", "{60551409-5775-4ED3-82D2-743F9387C0E6}"
EndProject
Project("{FAE04EC0-301F-11D3-BF4B-00C04F79EFBC}") = "RentACar.EntityLayer", "RentACar.EntityLayer\RentACar.EntityLayer.csproj", "{1ED2FC5A-953E-4F75-A5C8-53C9FFCBE01D}"
EndProject
Project("{FAE04EC0-301F-11D3-BF4B-00C04F79EFBC}") = "RentACar.BusinessLayer", "RentACar.BusinessLayer\RentACar.BusinessLayer.csproj", "{B4D77FCB-F00B-4349-9DB5-A933DB089DCE}"
EndProject
Project("{FAE04EC0-301F-11D3-BF4B-00C04F79EFBC}") = "RentACar.DataAccessLayer", "RentACar.DataAccessLayer\RentACar.DataAccessLayer.csproj", "{D84C859D-1039-4B8E-8A9B-D3D401ADE65C}"
EndProject
Project("{FAE04EC0-301F-11D3-BF4B-00C04F79EFBC}") = "RentACar.DtoLayer", "RentACar.DtoLayer\RentACar.DtoLayer.csproj", "{8945C1A4-F2C6-4938-B5DE-06E0509E7D7C}"
EndProject
Global
	GlobalSection(SolutionConfigurationPlatforms) = preSolution
		Debug|Any CPU = Debug|Any CPU
		Release|Any CPU = Release|Any CPU
	EndGlobalSection
	GlobalSection(ProjectConfigurationPlatforms) = postSolution
		{60551409-5775-4ED3-82D2-743F9387C0E6}.Debug|Any CPU.ActiveCfg = Debug|Any CPU
		{60551409-5775-4ED3-82D2-743F9387C0E6}.Debug|Any CPU.Build.0 = Debug|Any CPU
		{60551409-5775-4ED3-82D2-743F9387C0E6}.Release|Any CPU.ActiveCfg = Release|Any CPU
		{60551409-5775-4ED3-82D2-743F9387C0E6}.Release|Any CPU.Build.0 = Release|Any CPU
		{1ED2FC5A-953E-4F75-A5C8-53C9FFCBE01D}.Debug|Any CPU.ActiveCfg = Debug|Any CPU
		{1ED2FC5A-953E-4F75-A5C8-53C9FFCBE01D}.Debug|Any CPU.Build.0 = Debug|Any CPU
		{1ED2FC5A-953E-4F75-A5C8-53C9FFCBE01D}.Release|Any CPU.ActiveCfg = Release|Any CPU
		{1ED2FC5A-953E-4F75-A5C8-53C9FFCBE01D}.Release|Any CPU.Build.0 = Release|Any CPU
		{B4D77FCB-F00B-4349-9DB5-A933DB089DCE}.Debug|Any CPU.ActiveCfg = Debug|Any CPU
		{B4D77FCB-F00B-4349-9DB5-A933DB089DCE}.Debug|Any CPU.Build.0 = Debug|Any CPU
		{B4D77FCB-F00B-4349-9DB5-A933DB089DCE}.Release|Any CPU.ActiveCfg = Release|Any CPU
		{B4D77FCB-F00B-4349-9DB5-A933DB089DCE}.Release|Any CPU.Build.0 = Release|Any CPU
		{D84C859D-1039-4B8E-8A9B-D3D401ADE65C}.Debug|Any CPU.ActiveCfg = Debug|Any CPU
		{D84C859D-1039-4B8E-8A9B-D3D401ADE65C}.Debug|Any CPU.Build.0 = Debug|Any CPU
		{D84C859D-1039-4B8E-8A9B-D3D401ADE65C}.Release|Any CPU.ActiveCfg = Release|Any CPU
		{D84C859D-1039-4B8E-8A9B-D3D401ADE65C}.Release|Any CPU.Build.0 = Release|Any CPU
		{8945C1A4-F2C6-4938-B5DE-06E0509E7D7C}.Debug|Any CPU.ActiveCfg = Debug|Any CPU
		{8945C1A4-F2C6-4938-B5DE-06E0509E7D7C}.Debug|Any CPU.Build.0 = Debug|Any CPU
		{8945C1A4-F2C6-4938-B5DE-06E0509E7D7C}.Release|Any CPU.ActiveCfg = Release|Any CPU
		{8945C1A4-F2C6-4938-B5DE-06E0509E7D7C}.Release|Any CPU.Build.0 = Release|Any CPU
	EndGlobalSection
	GlobalSection(SolutionProperties) = preSolution
		HideSolutionNode = FALSE
	EndGlobalSection
	GlobalSection(ExtensibilityGlobals) = postSolution
		SolutionGuid = {5B737DF4-02D1-4B32-BD16-71193E2B9256}
	EndGlobalSection
EndGlobal
