
Microsoft Visual Studio Solution File, Format Version 12.00
# Visual Studio Version 17
VisualStudioVersion = 17.6.33723.286
MinimumVisualStudioVersion = 10.0.40219.1
Project("{2150E333-8FDC-42A3-9474-1A3956D46DE8}") = "Frontends", "Frontends", "{CA790D49-5450-45F0-9748-7B8035BACFF3}"
EndProject
Project("{2150E333-8FDC-42A3-9474-1A3956D46DE8}") = "Gateways", "Gateways", "{89FEB0D3-AD05-4A83-B671-5190930D8ECE}"
EndProject
Project("{2150E333-8FDC-42A3-9474-1A3956D46DE8}") = "IdentityServer", "IdentityServer", "{35DE601C-9A36-4499-AEDD-D9E823B34472}"
EndProject
Project("{2150E333-8FDC-42A3-9474-1A3956D46DE8}") = "Services", "Services", "{D80158F0-973D-4128-8596-64F92204CC17}"
EndProject
Project("{2150E333-8FDC-42A3-9474-1A3956D46DE8}") = "Basket", "Basket", "{B4342A1E-1147-44F5-A818-F5B7C8866CDC}"
EndProject
Project("{2150E333-8FDC-42A3-9474-1A3956D46DE8}") = "Catalog", "Catalog", "{2251D070-31BE-47D0-899E-1D6536B04C52}"
EndProject
Project("{2150E333-8FDC-42A3-9474-1A3956D46DE8}") = "Discount", "Discount", "{2AFC8FAB-DD82-4E0C-BE95-9E91005F56F7}"
EndProject
Project("{2150E333-8FDC-42A3-9474-1A3956D46DE8}") = "FakePayment", "FakePayment", "{3BDCC641-AAA8-405D-9556-46534C8D4212}"
EndProject
Project("{2150E333-8FDC-42A3-9474-1A3956D46DE8}") = "Order", "Order", "{BCCC6799-3FFC-4F68-A81E-25620B30E138}"
EndProject
Project("{2150E333-8FDC-42A3-9474-1A3956D46DE8}") = "PhotoStock", "PhotoStock", "{D66C8CE8-9893-41AE-A5C7-233A21CBF374}"
EndProject
Project("{2150E333-8FDC-42A3-9474-1A3956D46DE8}") = "Shared", "Shared", "{81AF2349-4E59-471D-9810-DD525598B895}"
EndProject
Project("{2150E333-8FDC-42A3-9474-1A3956D46DE8}") = "SolutionItems", "SolutionItems", "{B213FA00-FDD9-4277-9141-D15D9AF63D45}"
EndProject
Project("{9A19103F-16F7-4668-BE54-9A1E7A4F7556}") = "AcademyPlusMicroServiceProject.Catalog", "Services\Catalog\AcademyPlusMicroServiceProject.Catalog\AcademyPlusMicroServiceProject.Catalog.csproj", "{FE665B2A-CC26-46E7-8C32-29955365F5C2}"
EndProject
Project("{9A19103F-16F7-4668-BE54-9A1E7A4F7556}") = "AcademyPlusMicroServiceProject.Basket", "Services\Basket\AcademyPlusMicroServiceProject.Basket\AcademyPlusMicroServiceProject.Basket.csproj", "{7ADD4B36-74B4-4057-B1C2-D427D1615B9C}"
EndProject
Project("{9A19103F-16F7-4668-BE54-9A1E7A4F7556}") = "AcademyPlusMicroServiceProject.Discount", "Services\Discount\AcademyPlusMicroServiceProject.Discount\AcademyPlusMicroServiceProject.Discount.csproj", "{B6DB98E4-4813-4835-99B4-5278B8EEAE44}"
EndProject
Project("{9A19103F-16F7-4668-BE54-9A1E7A4F7556}") = "AcademyPlusMicroServiceProject.Order", "Services\Order\AcademyPlusMicroServiceProject.Order\AcademyPlusMicroServiceProject.Order.csproj", "{318646C9-68AB-4685-AD3E-DD10933B308B}"
EndProject
Project("{9A19103F-16F7-4668-BE54-9A1E7A4F7556}") = "AcademyPlusMicroServiceProject.Order.Application", "Services\Order\AcademyPlusMicroServiceProject.Order.Application\AcademyPlusMicroServiceProject.Order.Application.csproj", "{E71D8946-A678-4CAB-9830-C764C103CDDB}"
EndProject
Project("{9A19103F-16F7-4668-BE54-9A1E7A4F7556}") = "AcademyPlusMicroServiceProject.Order.Domain", "Services\Order\AcademyPlusMicroServiceProject.Order.Domain\AcademyPlusMicroServiceProject.Order.Domain.csproj", "{04A4660A-C558-4AFF-AC5C-760201FDCAFA}"
EndProject
Project("{9A19103F-16F7-4668-BE54-9A1E7A4F7556}") = "AcademyPlusMicroServiceProject.Order.Domain.Core", "Services\Order\AcademyPlusMicroServiceProject.Order.Domain.Core\AcademyPlusMicroServiceProject.Order.Domain.Core.csproj", "{6DC34924-1808-4ACD-9EE1-76DCCA4B68ED}"
EndProject
Project("{9A19103F-16F7-4668-BE54-9A1E7A4F7556}") = "AcademyPlusMicroServiceProject.PhotoStock", "Services\PhotoStock\AcademyPlusMicroServiceProject.PhotoStock\AcademyPlusMicroServiceProject.PhotoStock.csproj", "{61CBA8B6-7ED5-4328-928D-9EAD21F5B42E}"
EndProject
Project("{9A19103F-16F7-4668-BE54-9A1E7A4F7556}") = "AcademyPlusMicroServiceProject.FakePayment", "Services\FakePayment\AcademyPlusMicroServiceProject.FakePayment\AcademyPlusMicroServiceProject.FakePayment.csproj", "{5637C7A2-6123-4344-A3D6-24276C9F2D98}"
EndProject
Project("{9A19103F-16F7-4668-BE54-9A1E7A4F7556}") = "AcademyPlusMicroServiceProject.Order.Infrastructure", "Services\Order\AcademyPlusMicroServiceProject.Order.Infrastructure\AcademyPlusMicroServiceProject.Order.Infrastructure.csproj", "{046CDDCD-EF53-4A7B-888A-A4AA7C5A6D4F}"
EndProject
Project("{9A19103F-16F7-4668-BE54-9A1E7A4F7556}") = "AcademyPlusMicroServiceProject.Frontend", "Frontends\AcademyPlusMicroServiceProject.Frontend\AcademyPlusMicroServiceProject.Frontend.csproj", "{4B7BBFE1-0A4C-4CE2-BBA2-34B8DA86CC11}"
EndProject
Project("{FAE04EC0-301F-11D3-BF4B-00C04F79EFBC}") = "AcademyPlusMicroServiceProject.Shared", "Shared\AcademyPlusMicroServiceProject.Shared\AcademyPlusMicroServiceProject.Shared.csproj", "{F0309122-4F34-4894-966F-B06F9BE787C1}"
EndProject
Global
	GlobalSection(SolutionConfigurationPlatforms) = preSolution
		Debug|Any CPU = Debug|Any CPU
		Release|Any CPU = Release|Any CPU
	EndGlobalSection
	GlobalSection(ProjectConfigurationPlatforms) = postSolution
		{FE665B2A-CC26-46E7-8C32-29955365F5C2}.Debug|Any CPU.ActiveCfg = Debug|Any CPU
		{FE665B2A-CC26-46E7-8C32-29955365F5C2}.Debug|Any CPU.Build.0 = Debug|Any CPU
		{FE665B2A-CC26-46E7-8C32-29955365F5C2}.Release|Any CPU.ActiveCfg = Release|Any CPU
		{FE665B2A-CC26-46E7-8C32-29955365F5C2}.Release|Any CPU.Build.0 = Release|Any CPU
		{7ADD4B36-74B4-4057-B1C2-D427D1615B9C}.Debug|Any CPU.ActiveCfg = Debug|Any CPU
		{7ADD4B36-74B4-4057-B1C2-D427D1615B9C}.Debug|Any CPU.Build.0 = Debug|Any CPU
		{7ADD4B36-74B4-4057-B1C2-D427D1615B9C}.Release|Any CPU.ActiveCfg = Release|Any CPU
		{7ADD4B36-74B4-4057-B1C2-D427D1615B9C}.Release|Any CPU.Build.0 = Release|Any CPU
		{B6DB98E4-4813-4835-99B4-5278B8EEAE44}.Debug|Any CPU.ActiveCfg = Debug|Any CPU
		{B6DB98E4-4813-4835-99B4-5278B8EEAE44}.Debug|Any CPU.Build.0 = Debug|Any CPU
		{B6DB98E4-4813-4835-99B4-5278B8EEAE44}.Release|Any CPU.ActiveCfg = Release|Any CPU
		{B6DB98E4-4813-4835-99B4-5278B8EEAE44}.Release|Any CPU.Build.0 = Release|Any CPU
		{318646C9-68AB-4685-AD3E-DD10933B308B}.Debug|Any CPU.ActiveCfg = Debug|Any CPU
		{318646C9-68AB-4685-AD3E-DD10933B308B}.Debug|Any CPU.Build.0 = Debug|Any CPU
		{318646C9-68AB-4685-AD3E-DD10933B308B}.Release|Any CPU.ActiveCfg = Release|Any CPU
		{318646C9-68AB-4685-AD3E-DD10933B308B}.Release|Any CPU.Build.0 = Release|Any CPU
		{E71D8946-A678-4CAB-9830-C764C103CDDB}.Debug|Any CPU.ActiveCfg = Debug|Any CPU
		{E71D8946-A678-4CAB-9830-C764C103CDDB}.Debug|Any CPU.Build.0 = Debug|Any CPU
		{E71D8946-A678-4CAB-9830-C764C103CDDB}.Release|Any CPU.ActiveCfg = Release|Any CPU
		{E71D8946-A678-4CAB-9830-C764C103CDDB}.Release|Any CPU.Build.0 = Release|Any CPU
		{04A4660A-C558-4AFF-AC5C-760201FDCAFA}.Debug|Any CPU.ActiveCfg = Debug|Any CPU
		{04A4660A-C558-4AFF-AC5C-760201FDCAFA}.Debug|Any CPU.Build.0 = Debug|Any CPU
		{04A4660A-C558-4AFF-AC5C-760201FDCAFA}.Release|Any CPU.ActiveCfg = Release|Any CPU
		{04A4660A-C558-4AFF-AC5C-760201FDCAFA}.Release|Any CPU.Build.0 = Release|Any CPU
		{6DC34924-1808-4ACD-9EE1-76DCCA4B68ED}.Debug|Any CPU.ActiveCfg = Debug|Any CPU
		{6DC34924-1808-4ACD-9EE1-76DCCA4B68ED}.Debug|Any CPU.Build.0 = Debug|Any CPU
		{6DC34924-1808-4ACD-9EE1-76DCCA4B68ED}.Release|Any CPU.ActiveCfg = Release|Any CPU
		{6DC34924-1808-4ACD-9EE1-76DCCA4B68ED}.Release|Any CPU.Build.0 = Release|Any CPU
		{61CBA8B6-7ED5-4328-928D-9EAD21F5B42E}.Debug|Any CPU.ActiveCfg = Debug|Any CPU
		{61CBA8B6-7ED5-4328-928D-9EAD21F5B42E}.Debug|Any CPU.Build.0 = Debug|Any CPU
		{61CBA8B6-7ED5-4328-928D-9EAD21F5B42E}.Release|Any CPU.ActiveCfg = Release|Any CPU
		{61CBA8B6-7ED5-4328-928D-9EAD21F5B42E}.Release|Any CPU.Build.0 = Release|Any CPU
		{5637C7A2-6123-4344-A3D6-24276C9F2D98}.Debug|Any CPU.ActiveCfg = Debug|Any CPU
		{5637C7A2-6123-4344-A3D6-24276C9F2D98}.Debug|Any CPU.Build.0 = Debug|Any CPU
		{5637C7A2-6123-4344-A3D6-24276C9F2D98}.Release|Any CPU.ActiveCfg = Release|Any CPU
		{5637C7A2-6123-4344-A3D6-24276C9F2D98}.Release|Any CPU.Build.0 = Release|Any CPU
		{046CDDCD-EF53-4A7B-888A-A4AA7C5A6D4F}.Debug|Any CPU.ActiveCfg = Debug|Any CPU
		{046CDDCD-EF53-4A7B-888A-A4AA7C5A6D4F}.Debug|Any CPU.Build.0 = Debug|Any CPU
		{046CDDCD-EF53-4A7B-888A-A4AA7C5A6D4F}.Release|Any CPU.ActiveCfg = Release|Any CPU
		{046CDDCD-EF53-4A7B-888A-A4AA7C5A6D4F}.Release|Any CPU.Build.0 = Release|Any CPU
		{4B7BBFE1-0A4C-4CE2-BBA2-34B8DA86CC11}.Debug|Any CPU.ActiveCfg = Debug|Any CPU
		{4B7BBFE1-0A4C-4CE2-BBA2-34B8DA86CC11}.Debug|Any CPU.Build.0 = Debug|Any CPU
		{4B7BBFE1-0A4C-4CE2-BBA2-34B8DA86CC11}.Release|Any CPU.ActiveCfg = Release|Any CPU
		{4B7BBFE1-0A4C-4CE2-BBA2-34B8DA86CC11}.Release|Any CPU.Build.0 = Release|Any CPU
		{F0309122-4F34-4894-966F-B06F9BE787C1}.Debug|Any CPU.ActiveCfg = Debug|Any CPU
		{F0309122-4F34-4894-966F-B06F9BE787C1}.Debug|Any CPU.Build.0 = Debug|Any CPU
		{F0309122-4F34-4894-966F-B06F9BE787C1}.Release|Any CPU.ActiveCfg = Release|Any CPU
		{F0309122-4F34-4894-966F-B06F9BE787C1}.Release|Any CPU.Build.0 = Release|Any CPU
	EndGlobalSection
	GlobalSection(SolutionProperties) = preSolution
		HideSolutionNode = FALSE
	EndGlobalSection
	GlobalSection(NestedProjects) = preSolution
		{B4342A1E-1147-44F5-A818-F5B7C8866CDC} = {D80158F0-973D-4128-8596-64F92204CC17}
		{2251D070-31BE-47D0-899E-1D6536B04C52} = {D80158F0-973D-4128-8596-64F92204CC17}
		{2AFC8FAB-DD82-4E0C-BE95-9E91005F56F7} = {D80158F0-973D-4128-8596-64F92204CC17}
		{3BDCC641-AAA8-405D-9556-46534C8D4212} = {D80158F0-973D-4128-8596-64F92204CC17}
		{BCCC6799-3FFC-4F68-A81E-25620B30E138} = {D80158F0-973D-4128-8596-64F92204CC17}
		{D66C8CE8-9893-41AE-A5C7-233A21CBF374} = {D80158F0-973D-4128-8596-64F92204CC17}
		{FE665B2A-CC26-46E7-8C32-29955365F5C2} = {2251D070-31BE-47D0-899E-1D6536B04C52}
		{7ADD4B36-74B4-4057-B1C2-D427D1615B9C} = {B4342A1E-1147-44F5-A818-F5B7C8866CDC}
		{B6DB98E4-4813-4835-99B4-5278B8EEAE44} = {2AFC8FAB-DD82-4E0C-BE95-9E91005F56F7}
		{318646C9-68AB-4685-AD3E-DD10933B308B} = {BCCC6799-3FFC-4F68-A81E-25620B30E138}
		{E71D8946-A678-4CAB-9830-C764C103CDDB} = {BCCC6799-3FFC-4F68-A81E-25620B30E138}
		{04A4660A-C558-4AFF-AC5C-760201FDCAFA} = {BCCC6799-3FFC-4F68-A81E-25620B30E138}
		{6DC34924-1808-4ACD-9EE1-76DCCA4B68ED} = {BCCC6799-3FFC-4F68-A81E-25620B30E138}
		{61CBA8B6-7ED5-4328-928D-9EAD21F5B42E} = {D66C8CE8-9893-41AE-A5C7-233A21CBF374}
		{5637C7A2-6123-4344-A3D6-24276C9F2D98} = {3BDCC641-AAA8-405D-9556-46534C8D4212}
		{046CDDCD-EF53-4A7B-888A-A4AA7C5A6D4F} = {BCCC6799-3FFC-4F68-A81E-25620B30E138}
		{4B7BBFE1-0A4C-4CE2-BBA2-34B8DA86CC11} = {CA790D49-5450-45F0-9748-7B8035BACFF3}
		{F0309122-4F34-4894-966F-B06F9BE787C1} = {81AF2349-4E59-471D-9810-DD525598B895}
	EndGlobalSection
	GlobalSection(ExtensibilityGlobals) = postSolution
		SolutionGuid = {2364DC59-640B-47EB-AD8E-FC1FE072BBFA}
	EndGlobalSection
EndGlobal
